
Microsoft Visual Studio Solution File, Format Version 12.00
# Visual Studio 15
VisualStudioVersion = 15.0.26730.8
MinimumVisualStudioVersion = 10.0.40219.1
Project("{9A19103F-16F7-4668-BE54-9A1E7A4F7556}") = "taglib-sharp", "src\taglib-sharp.csproj", "{A9005D2B-D16F-48EA-999F-54170CE0F975}"
EndProject
Project("{9A19103F-16F7-4668-BE54-9A1E7A4F7556}") = "tests", "tests\tests.csproj", "{D2B2ACDE-021F-4A42-A387-0367BE280C9B}"
EndProject
Global
	GlobalSection(SolutionConfigurationPlatforms) = preSolution
		Debug|Any CPU = Debug|Any CPU
		Release|Any CPU = Release|Any CPU
	EndGlobalSection
	GlobalSection(ProjectConfigurationPlatforms) = postSolution
		{A9005D2B-D16F-48EA-999F-54170CE0F975}.Debug|Any CPU.ActiveCfg = Debug|Any CPU
		{A9005D2B-D16F-48EA-999F-54170CE0F975}.Debug|Any CPU.Build.0 = Debug|Any CPU
		{A9005D2B-D16F-48EA-999F-54170CE0F975}.Release|Any CPU.ActiveCfg = Release|Any CPU
		{A9005D2B-D16F-48EA-999F-54170CE0F975}.Release|Any CPU.Build.0 = Release|Any CPU
		{D2B2ACDE-021F-4A42-A387-0367BE280C9B}.Debug|Any CPU.ActiveCfg = Debug|Any CPU
		{D2B2ACDE-021F-4A42-A387-0367BE280C9B}.Debug|Any CPU.Build.0 = Debug|Any CPU
		{D2B2ACDE-021F-4A42-A387-0367BE280C9B}.Release|Any CPU.ActiveCfg = Release|Any CPU
		{D2B2ACDE-021F-4A42-A387-0367BE280C9B}.Release|Any CPU.Build.0 = Release|Any CPU
	EndGlobalSection
	GlobalSection(SolutionProperties) = preSolution
		HideSolutionNode = FALSE
	EndGlobalSection
	GlobalSection(ExtensibilityGlobals) = postSolution
		SolutionGuid = {0779CB57-F5B5-4867-B445-C60C9FDCFD5F}
	EndGlobalSection
EndGlobal
